
Microsoft Visual Studio Solution File, Format Version 12.00
# Visual Studio Version 17
VisualStudioVersion = 17.2.32519.379
MinimumVisualStudioVersion = 10.0.40219.1
Project("{2150E333-8FDC-42A3-9474-1A3956D46DE8}") = "BankingAccount", "BankingAccount", "{2FCBDC8A-A6A4-4CBE-8F80-9B4BF6DF3AB1}"
EndProject
Project("{2150E333-8FDC-42A3-9474-1A3956D46DE8}") = "Microservices", "Microservices", "{666EB549-03A1-4919-955E-A965A93CFB75}"
EndProject
Project("{2150E333-8FDC-42A3-9474-1A3956D46DE8}") = "CQRS", "CQRS", "{E40F0737-4703-4D1F-A6A8-15DD9DA1CB11}"
EndProject
Project("{2150E333-8FDC-42A3-9474-1A3956D46DE8}") = "Command", "Command", "{B441A043-CC92-4966-8D4C-5245F1FECD3E}"
EndProject
Project("{2150E333-8FDC-42A3-9474-1A3956D46DE8}") = "Query", "Query", "{C673969C-036B-484F-B771-F3139FEB6596}"
EndProject
Project("{9A19103F-16F7-4668-BE54-9A1E7A4F7556}") = "Banking.Cqrs.Core", "Banking.Cqrs.Core\Banking.Cqrs.Core.csproj", "{ECBB63D3-2CCC-4352-BC2E-5D5B493E25B1}"
EndProject
Project("{2150E333-8FDC-42A3-9474-1A3956D46DE8}") = "Api", "Api", "{1EF37B9D-E884-4E7B-BA84-3CB4003BE73F}"
EndProject
Project("{2150E333-8FDC-42A3-9474-1A3956D46DE8}") = "Application", "Application", "{FFC5B9F7-C76C-4915-9467-4124F0766F0B}"
EndProject
Project("{2150E333-8FDC-42A3-9474-1A3956D46DE8}") = "Domain", "Domain", "{1BE78CCB-C54B-4F2A-A77C-904C527B849E}"
EndProject
Project("{2150E333-8FDC-42A3-9474-1A3956D46DE8}") = "Infrastructure", "Infrastructure", "{7D4DCA7F-670E-475A-9474-CB51556410D3}"
EndProject
Project("{9A19103F-16F7-4668-BE54-9A1E7A4F7556}") = "Banking.Account.Command.Domain", "Banking.Account.Command.Domain\Banking.Account.Command.Domain.csproj", "{2F7B7E1E-41BD-4705-9119-5ED1B576B3E5}"
EndProject
Project("{9A19103F-16F7-4668-BE54-9A1E7A4F7556}") = "Banking.Account.Command.Application", "Banking.Account.Command.Application\Banking.Account.Command.Application.csproj", "{898CE9C9-B2CE-497E-9ADD-D28E19464F8A}"
EndProject
Project("{9A19103F-16F7-4668-BE54-9A1E7A4F7556}") = "Banking.Account.Command.Infrastructure", "Banking.Account.Command.Infrastructure\Banking.Account.Command.Infrastructure.csproj", "{414E50F2-8B76-48B0-B7B4-282B437764CC}"
EndProject
Project("{9A19103F-16F7-4668-BE54-9A1E7A4F7556}") = "Banking.Account.Command.Api", "Banking.Account.Command.Api\Banking.Account.Command.Api.csproj", "{1C1DBB9B-9F91-44F6-B292-4D88CFD1F145}"
EndProject
Project("{2150E333-8FDC-42A3-9474-1A3956D46DE8}") = "Api", "Api", "{34455082-3CE7-44A3-B3FE-E6D4B59156D4}"
EndProject
Project("{2150E333-8FDC-42A3-9474-1A3956D46DE8}") = "Application", "Application", "{58EF99E5-E4BB-490A-9F14-20DD3DE52AF5}"
EndProject
Project("{2150E333-8FDC-42A3-9474-1A3956D46DE8}") = "Domain", "Domain", "{48C9DCA6-4DD9-4BCD-989C-28A42895EB47}"
EndProject
Project("{2150E333-8FDC-42A3-9474-1A3956D46DE8}") = "Infrastructure", "Infrastructure", "{6C5E1224-03DE-4B36-BB36-9949DBCE425D}"
EndProject
Project("{2150E333-8FDC-42A3-9474-1A3956D46DE8}") = "Consumer", "Consumer", "{A2481F19-DA1C-4704-A33F-E5987A80CEE5}"
EndProject
Project("{9A19103F-16F7-4668-BE54-9A1E7A4F7556}") = "Banking.Account.Query.Domain", "Banking.Account.Query.Domain\Banking.Account.Query.Domain.csproj", "{29DA98F6-FF16-4256-9163-1CBE36F34007}"
EndProject
Project("{9A19103F-16F7-4668-BE54-9A1E7A4F7556}") = "Banking.Account.Query.Application", "Banking.Account.Query.Application\Banking.Account.Query.Application.csproj", "{14AE7B17-FE75-4817-A6AF-75382052A61C}"
EndProject
Project("{FAE04EC0-301F-11D3-BF4B-00C04F79EFBC}") = "Banking.Account.Query.Infrastructure", "Banking.Account.Query.Infrastructure\Banking.Account.Query.Infrastructure.csproj", "{4949B000-A047-4308-9D2E-64636D45DE38}"
EndProject
Project("{FAE04EC0-301F-11D3-BF4B-00C04F79EFBC}") = "Banking.Account.Query.Api", "Banking.Account.Query.Api\Banking.Account.Query.Api.csproj", "{051C6FD6-1440-471A-A0E5-B9778E0D3FB1}"
EndProject
Project("{FAE04EC0-301F-11D3-BF4B-00C04F79EFBC}") = "Banking.Account.Query.Consumer", "Banking.Account.Query.Consumer\Banking.Account.Query.Consumer.csproj", "{9EC183FF-15E4-4A2F-8970-F878A130FCCC}"
EndProject
Global
	GlobalSection(SolutionConfigurationPlatforms) = preSolution
		Debug|Any CPU = Debug|Any CPU
		Release|Any CPU = Release|Any CPU
	EndGlobalSection
	GlobalSection(ProjectConfigurationPlatforms) = postSolution
		{ECBB63D3-2CCC-4352-BC2E-5D5B493E25B1}.Debug|Any CPU.ActiveCfg = Debug|Any CPU
		{ECBB63D3-2CCC-4352-BC2E-5D5B493E25B1}.Debug|Any CPU.Build.0 = Debug|Any CPU
		{ECBB63D3-2CCC-4352-BC2E-5D5B493E25B1}.Release|Any CPU.ActiveCfg = Release|Any CPU
		{ECBB63D3-2CCC-4352-BC2E-5D5B493E25B1}.Release|Any CPU.Build.0 = Release|Any CPU
		{2F7B7E1E-41BD-4705-9119-5ED1B576B3E5}.Debug|Any CPU.ActiveCfg = Debug|Any CPU
		{2F7B7E1E-41BD-4705-9119-5ED1B576B3E5}.Debug|Any CPU.Build.0 = Debug|Any CPU
		{2F7B7E1E-41BD-4705-9119-5ED1B576B3E5}.Release|Any CPU.ActiveCfg = Release|Any CPU
		{2F7B7E1E-41BD-4705-9119-5ED1B576B3E5}.Release|Any CPU.Build.0 = Release|Any CPU
		{898CE9C9-B2CE-497E-9ADD-D28E19464F8A}.Debug|Any CPU.ActiveCfg = Debug|Any CPU
		{898CE9C9-B2CE-497E-9ADD-D28E19464F8A}.Debug|Any CPU.Build.0 = Debug|Any CPU
		{898CE9C9-B2CE-497E-9ADD-D28E19464F8A}.Release|Any CPU.ActiveCfg = Release|Any CPU
		{898CE9C9-B2CE-497E-9ADD-D28E19464F8A}.Release|Any CPU.Build.0 = Release|Any CPU
		{414E50F2-8B76-48B0-B7B4-282B437764CC}.Debug|Any CPU.ActiveCfg = Debug|Any CPU
		{414E50F2-8B76-48B0-B7B4-282B437764CC}.Debug|Any CPU.Build.0 = Debug|Any CPU
		{414E50F2-8B76-48B0-B7B4-282B437764CC}.Release|Any CPU.ActiveCfg = Release|Any CPU
		{414E50F2-8B76-48B0-B7B4-282B437764CC}.Release|Any CPU.Build.0 = Release|Any CPU
		{1C1DBB9B-9F91-44F6-B292-4D88CFD1F145}.Debug|Any CPU.ActiveCfg = Debug|Any CPU
		{1C1DBB9B-9F91-44F6-B292-4D88CFD1F145}.Debug|Any CPU.Build.0 = Debug|Any CPU
		{1C1DBB9B-9F91-44F6-B292-4D88CFD1F145}.Release|Any CPU.ActiveCfg = Release|Any CPU
		{1C1DBB9B-9F91-44F6-B292-4D88CFD1F145}.Release|Any CPU.Build.0 = Release|Any CPU
		{29DA98F6-FF16-4256-9163-1CBE36F34007}.Debug|Any CPU.ActiveCfg = Debug|Any CPU
		{29DA98F6-FF16-4256-9163-1CBE36F34007}.Debug|Any CPU.Build.0 = Debug|Any CPU
		{29DA98F6-FF16-4256-9163-1CBE36F34007}.Release|Any CPU.ActiveCfg = Release|Any CPU
		{29DA98F6-FF16-4256-9163-1CBE36F34007}.Release|Any CPU.Build.0 = Release|Any CPU
		{14AE7B17-FE75-4817-A6AF-75382052A61C}.Debug|Any CPU.ActiveCfg = Debug|Any CPU
		{14AE7B17-FE75-4817-A6AF-75382052A61C}.Debug|Any CPU.Build.0 = Debug|Any CPU
		{14AE7B17-FE75-4817-A6AF-75382052A61C}.Release|Any CPU.ActiveCfg = Release|Any CPU
		{14AE7B17-FE75-4817-A6AF-75382052A61C}.Release|Any CPU.Build.0 = Release|Any CPU
		{4949B000-A047-4308-9D2E-64636D45DE38}.Debug|Any CPU.ActiveCfg = Debug|Any CPU
		{4949B000-A047-4308-9D2E-64636D45DE38}.Debug|Any CPU.Build.0 = Debug|Any CPU
		{4949B000-A047-4308-9D2E-64636D45DE38}.Release|Any CPU.ActiveCfg = Release|Any CPU
		{4949B000-A047-4308-9D2E-64636D45DE38}.Release|Any CPU.Build.0 = Release|Any CPU
		{051C6FD6-1440-471A-A0E5-B9778E0D3FB1}.Debug|Any CPU.ActiveCfg = Debug|Any CPU
		{051C6FD6-1440-471A-A0E5-B9778E0D3FB1}.Debug|Any CPU.Build.0 = Debug|Any CPU
		{051C6FD6-1440-471A-A0E5-B9778E0D3FB1}.Release|Any CPU.ActiveCfg = Release|Any CPU
		{051C6FD6-1440-471A-A0E5-B9778E0D3FB1}.Release|Any CPU.Build.0 = Release|Any CPU
		{9EC183FF-15E4-4A2F-8970-F878A130FCCC}.Debug|Any CPU.ActiveCfg = Debug|Any CPU
		{9EC183FF-15E4-4A2F-8970-F878A130FCCC}.Debug|Any CPU.Build.0 = Debug|Any CPU
		{9EC183FF-15E4-4A2F-8970-F878A130FCCC}.Release|Any CPU.ActiveCfg = Release|Any CPU
		{9EC183FF-15E4-4A2F-8970-F878A130FCCC}.Release|Any CPU.Build.0 = Release|Any CPU
	EndGlobalSection
	GlobalSection(SolutionProperties) = preSolution
		HideSolutionNode = FALSE
	EndGlobalSection
	GlobalSection(NestedProjects) = preSolution
		{666EB549-03A1-4919-955E-A965A93CFB75} = {2FCBDC8A-A6A4-4CBE-8F80-9B4BF6DF3AB1}
		{B441A043-CC92-4966-8D4C-5245F1FECD3E} = {666EB549-03A1-4919-955E-A965A93CFB75}
		{C673969C-036B-484F-B771-F3139FEB6596} = {666EB549-03A1-4919-955E-A965A93CFB75}
		{ECBB63D3-2CCC-4352-BC2E-5D5B493E25B1} = {E40F0737-4703-4D1F-A6A8-15DD9DA1CB11}
		{1EF37B9D-E884-4E7B-BA84-3CB4003BE73F} = {B441A043-CC92-4966-8D4C-5245F1FECD3E}
		{FFC5B9F7-C76C-4915-9467-4124F0766F0B} = {B441A043-CC92-4966-8D4C-5245F1FECD3E}
		{1BE78CCB-C54B-4F2A-A77C-904C527B849E} = {B441A043-CC92-4966-8D4C-5245F1FECD3E}
		{7D4DCA7F-670E-475A-9474-CB51556410D3} = {B441A043-CC92-4966-8D4C-5245F1FECD3E}
		{2F7B7E1E-41BD-4705-9119-5ED1B576B3E5} = {1BE78CCB-C54B-4F2A-A77C-904C527B849E}
		{898CE9C9-B2CE-497E-9ADD-D28E19464F8A} = {FFC5B9F7-C76C-4915-9467-4124F0766F0B}
		{414E50F2-8B76-48B0-B7B4-282B437764CC} = {7D4DCA7F-670E-475A-9474-CB51556410D3}
		{1C1DBB9B-9F91-44F6-B292-4D88CFD1F145} = {1EF37B9D-E884-4E7B-BA84-3CB4003BE73F}
		{34455082-3CE7-44A3-B3FE-E6D4B59156D4} = {C673969C-036B-484F-B771-F3139FEB6596}
		{58EF99E5-E4BB-490A-9F14-20DD3DE52AF5} = {C673969C-036B-484F-B771-F3139FEB6596}
		{48C9DCA6-4DD9-4BCD-989C-28A42895EB47} = {C673969C-036B-484F-B771-F3139FEB6596}
		{6C5E1224-03DE-4B36-BB36-9949DBCE425D} = {C673969C-036B-484F-B771-F3139FEB6596}
		{A2481F19-DA1C-4704-A33F-E5987A80CEE5} = {C673969C-036B-484F-B771-F3139FEB6596}
		{29DA98F6-FF16-4256-9163-1CBE36F34007} = {48C9DCA6-4DD9-4BCD-989C-28A42895EB47}
		{14AE7B17-FE75-4817-A6AF-75382052A61C} = {58EF99E5-E4BB-490A-9F14-20DD3DE52AF5}
		{4949B000-A047-4308-9D2E-64636D45DE38} = {6C5E1224-03DE-4B36-BB36-9949DBCE425D}
		{051C6FD6-1440-471A-A0E5-B9778E0D3FB1} = {34455082-3CE7-44A3-B3FE-E6D4B59156D4}
		{9EC183FF-15E4-4A2F-8970-F878A130FCCC} = {A2481F19-DA1C-4704-A33F-E5987A80CEE5}
	EndGlobalSection
	GlobalSection(ExtensibilityGlobals) = postSolution
		SolutionGuid = {985A5F66-D460-4140-B555-C048499C99C7}
	EndGlobalSection
EndGlobal
